
Microsoft Visual Studio Solution File, Format Version 11.00
# Visual Studio 2010
Project("{FAE04EC0-301F-11D3-BF4B-00C04F79EFBC}") = "wine_shop(on shop)_client", "wine_shop(on shop)_client\wine_shop(on shop)_client.csproj", "{E3658C43-8D95-407A-92E5-AD736FBF7C0A}"
EndProject
Global
	GlobalSection(SolutionConfigurationPlatforms) = preSolution
		Debug|x86 = Debug|x86
		Release|x86 = Release|x86
	EndGlobalSection
	GlobalSection(ProjectConfigurationPlatforms) = postSolution
		{E3658C43-8D95-407A-92E5-AD736FBF7C0A}.Debug|x86.ActiveCfg = Debug|x86
		{E3658C43-8D95-407A-92E5-AD736FBF7C0A}.Debug|x86.Build.0 = Debug|x86
		{E3658C43-8D95-407A-92E5-AD736FBF7C0A}.Release|x86.ActiveCfg = Release|x86
		{E3658C43-8D95-407A-92E5-AD736FBF7C0A}.Release|x86.Build.0 = Release|x86
	EndGlobalSection
	GlobalSection(SolutionProperties) = preSolution
		HideSolutionNode = FALSE
	EndGlobalSection
EndGlobal
